
Microsoft Visual Studio Solution File, Format Version 12.00
# Visual Studio Version 16
VisualStudioVersion = 16.0.29306.81
MinimumVisualStudioVersion = 10.0.40219.1
Project("{FAE04EC0-301F-11D3-BF4B-00C04F79EFBC}") = "SvcUtilWrapper", "SvcUtilWrapper\SvcUtilWrapper.csproj", "{644729FF-412C-4BAB-9C90-6AE0D1149AC7}"
EndProject
Global
	GlobalSection(SolutionConfigurationPlatforms) = preSolution
		Debug|Any CPU = Debug|Any CPU
		Release|Any CPU = Release|Any CPU
	EndGlobalSection
	GlobalSection(ProjectConfigurationPlatforms) = postSolution
		{644729FF-412C-4BAB-9C90-6AE0D1149AC7}.Debug|Any CPU.ActiveCfg = Debug|Any CPU
		{644729FF-412C-4BAB-9C90-6AE0D1149AC7}.Debug|Any CPU.Build.0 = Debug|Any CPU
		{644729FF-412C-4BAB-9C90-6AE0D1149AC7}.Release|Any CPU.ActiveCfg = Release|Any CPU
		{644729FF-412C-4BAB-9C90-6AE0D1149AC7}.Release|Any CPU.Build.0 = Release|Any CPU
	EndGlobalSection
	GlobalSection(SolutionProperties) = preSolution
		HideSolutionNode = FALSE
	EndGlobalSection
	GlobalSection(ExtensibilityGlobals) = postSolution
		SolutionGuid = {8F857809-1A97-4093-A170-285D9637A48F}
	EndGlobalSection
EndGlobal
